# THIS IS AN AUTOGENERATED FILE. DO NOT EDIT THIS FILE DIRECTLY.
# yarn lockfile v1


ansi-styles@^3.2.1:
  version "3.2.1"
  resolved "https://registry.yarnpkg.com/ansi-styles/-/ansi-styles-3.2.1.tgz#41fbb20243e50b12be0f04b8dedbf07520ce841d"
  integrity sha512-VT0ZI6kZRdTh8YyJw3SMbYm/u+NqfsAxEpWO0Pf9sq8/e94WxxOpPKx9FR1FlyCtOVDNOQ+8ntlqFxiRc+r5qA==
  dependencies:
    color-convert "^1.9.0"

async@0.9.x:
  version "0.9.2"
  resolved "https://registry.yarnpkg.com/async/-/async-0.9.2.tgz#aea74d5e61c1f899613bf64bda66d4c78f2fd17d"
  integrity sha1-rqdNXmHB+JlhO/ZL2mbUx48v0X0=

balanced-match@^1.0.0:
  version "1.0.2"
  resolved "https://registry.yarnpkg.com/balanced-match/-/balanced-match-1.0.2.tgz#e83e3a7e3f300b34cb9d87f615fa0cbf357690ee"
  integrity sha512-3oSeUO0TMV67hN1AmbXsK4yaqU7tjiHlbxRDZOpH0KW9+CeX4bRAaX0Anxt0tx2MrpRpWwQaPwIlISEJhYU5Pw==

base64url@3.x.x:
  version "3.0.1"
  resolved "https://registry.yarnpkg.com/base64url/-/base64url-3.0.1.tgz#6399d572e2bc3f90a9a8b22d5dbb0a32d33f788d"
  integrity sha512-ir1UPr3dkwexU7FdV8qBBbNDRUhMmIekYMFZfi+C/sLNnRESKPl23nB9b2pltqfOQNnGzsDdId90AEtG5tCx4A==

brace-expansion@^1.1.7:
  version "1.1.11"
  resolved "https://registry.yarnpkg.com/brace-expansion/-/brace-expansion-1.1.11.tgz#3c7fcbf529d87226f3d2f52b966ff5271eb441dd"
  integrity sha512-iCuPHDFgrHX7H2vEI/5xpz07zSHB00TpugqhmYtVmMO6518mCuRMoOYFldEBl0g187ufozdaHgWKcYFb61qGiA==
  dependencies:
    balanced-match "^1.0.0"
    concat-map "0.0.1"

call-bind@^1.0.0:
  version "1.0.2"
  resolved "https://registry.yarnpkg.com/call-bind/-/call-bind-1.0.2.tgz#b1d4e89e688119c3c9a903ad30abb2f6a919be3c"
  integrity sha512-7O+FbCihrB5WGbFYesctwmTKae6rOiIzmz1icreWJ+0aA7LJfuqhEso2T9ncpcFtzMQtzXf2QGGueWJGTYsqrA==
  dependencies:
    function-bind "^1.1.1"
    get-intrinsic "^1.0.2"

chalk@^2.4.2:
  version "2.4.2"
  resolved "https://registry.yarnpkg.com/chalk/-/chalk-2.4.2.tgz#cd42541677a54333cf541a49108c1432b44c9424"
  integrity sha512-Mti+f9lpJNcwF4tWV8/OrTTtF1gZi+f8FqlyAdouralcFWFQWF2+NgCHShjkCb+IFBLq9buZwE1xckQU4peSuQ==
  dependencies:
    ansi-styles "^3.2.1"
    escape-string-regexp "^1.0.5"
    supports-color "^5.3.0"

color-convert@^1.9.0:
  version "1.9.3"
  resolved "https://registry.yarnpkg.com/color-convert/-/color-convert-1.9.3.tgz#bb71850690e1f136567de629d2d5471deda4c1e8"
  integrity sha512-QfAUtd+vFdAtFQcC8CCyYt1fYWxSqAiK2cSD6zDB8N3cpsEBAvRxp9zOGg6G/SHHJYAT88/az/IuDGALsNVbGg==
  dependencies:
    color-name "1.1.3"

color-name@1.1.3:
  version "1.1.3"
  resolved "https://registry.yarnpkg.com/color-name/-/color-name-1.1.3.tgz#a7d0558bd89c42f795dd42328f740831ca53bc25"
  integrity sha1-p9BVi9icQveV3UIyj3QIMcpTvCU=

concat-map@0.0.1:
  version "0.0.1"
  resolved "https://registry.yarnpkg.com/concat-map/-/concat-map-0.0.1.tgz#d8a96bd77fd68df7793a73036a3ba0d5405d477b"
  integrity sha1-2Klr13/Wjfd5OnMDajug1UBdR3s=

connect@1.x:
  version "1.9.2"
  resolved "https://registry.yarnpkg.com/connect/-/connect-1.9.2.tgz#42880a22e9438ae59a8add74e437f58ae8e52807"
  integrity sha1-QogKIulDiuWait105Df1iujlKAc=
  dependencies:
    formidable "1.0.x"
    mime ">= 0.0.1"
    qs ">= 0.4.0"

"ejs@>= 0.0.0":
  version "3.1.6"
  resolved "https://registry.yarnpkg.com/ejs/-/ejs-3.1.6.tgz#5bfd0a0689743bb5268b3550cceeebbc1702822a"
  integrity sha512-9lt9Zse4hPucPkoP7FHDF0LQAlGyF9JVpnClFLFH3aSSbxmyoqINRpp/9wePWJTUl4KOQwRL72Iw3InHPDkoGw==
  dependencies:
    jake "^10.6.1"

escape-string-regexp@^1.0.5:
  version "1.0.5"
  resolved "https://registry.yarnpkg.com/escape-string-regexp/-/escape-string-regexp-1.0.5.tgz#1b61c0562190a8dff6ae3bb2cf0200ca130b86d4"
  integrity sha1-G2HAViGQqN/2rjuyzwIAyhMLhtQ=

"express@<= 2.5.11":
  version "2.5.11"
  resolved "https://registry.yarnpkg.com/express/-/express-2.5.11.tgz#4ce8ea1f3635e69e49f0ebb497b6a4b0a51ce6f0"
  integrity sha1-TOjqHzY15p5J8Ou0l7aksKUc5vA=
  dependencies:
    connect "1.x"
    mime "1.2.4"
    mkdirp "0.3.0"
    qs "0.4.x"

filelist@^1.0.1:
  version "1.0.2"
  resolved "https://registry.yarnpkg.com/filelist/-/filelist-1.0.2.tgz#80202f21462d4d1c2e214119b1807c1bc0380e5b"
  integrity sha512-z7O0IS8Plc39rTCq6i6iHxk43duYOn8uFJiWSewIq0Bww1RNybVHSCjahmcC87ZqAm4OTvFzlzeGu3XAzG1ctQ==
  dependencies:
    minimatch "^3.0.4"

formidable@1.0.x:
  version "1.0.17"
  resolved "https://registry.yarnpkg.com/formidable/-/formidable-1.0.17.tgz#ef5491490f9433b705faa77249c99029ae348559"
  integrity sha1-71SRSQ+UM7cF+qdyScmQKa40hVk=

function-bind@^1.1.1:
  version "1.1.1"
  resolved "https://registry.yarnpkg.com/function-bind/-/function-bind-1.1.1.tgz#a56899d3ea3c9bab874bb9773b7c5ede92f4895d"
  integrity sha512-yIovAzMX49sF8Yl58fSCWJ5svSLuaibPxXQJFLmBObTuCr0Mf1KiPopGM9NiFjiYBCbfaa2Fh6breQ6ANVTI0A==

get-intrinsic@^1.0.2:
  version "1.1.1"
  resolved "https://registry.yarnpkg.com/get-intrinsic/-/get-intrinsic-1.1.1.tgz#15f59f376f855c446963948f0d24cd3637b4abc6"
  integrity sha512-kWZrnVM42QCiEA2Ig1bG8zjoIMOgxWwYCEeNdwY6Tv/cOSeGpcoX4pXHfKUxNKVoArnrEr2e9srnAxxGIraS9Q==
  dependencies:
    function-bind "^1.1.1"
    has "^1.0.3"
    has-symbols "^1.0.1"

has-flag@^3.0.0:
  version "3.0.0"
  resolved "https://registry.yarnpkg.com/has-flag/-/has-flag-3.0.0.tgz#b5d454dc2199ae225699f3467e5a07f3b955bafd"
  integrity sha1-tdRU3CGZriJWmfNGfloH87lVuv0=

has-symbols@^1.0.1:
  version "1.0.2"
  resolved "https://registry.yarnpkg.com/has-symbols/-/has-symbols-1.0.2.tgz#165d3070c00309752a1236a479331e3ac56f1423"
  integrity sha512-chXa79rL/UC2KlX17jo3vRGz0azaWEx5tGqZg5pO3NUyEJVB17dMruQlzCCOfUvElghKcm5194+BCRvi2Rv/Gw==

has@^1.0.3:
  version "1.0.3"
  resolved "https://registry.yarnpkg.com/has/-/has-1.0.3.tgz#722d7cbfc1f6aa8241f16dd814e011e1f41e8796"
  integrity sha512-f2dvO0VU6Oej7RkWJGrehjbzMAjFp5/VKPp5tTpWIV4JHHZK1/BxbFRtf/siA2SWTe09caDmVtYYzWEIbBS4zw==
  dependencies:
    function-bind "^1.1.1"

jake@^10.6.1:
  version "10.8.2"
  resolved "https://registry.yarnpkg.com/jake/-/jake-10.8.2.tgz#ebc9de8558160a66d82d0eadc6a2e58fbc500a7b"
  integrity sha512-eLpKyrfG3mzvGE2Du8VoPbeSkRry093+tyNjdYaBbJS9v17knImYGNXQCUV0gLxQtF82m3E8iRb/wdSQZLoq7A==
  dependencies:
    async "0.9.x"
    chalk "^2.4.2"
    filelist "^1.0.1"
    minimatch "^3.0.4"

mime@1.2.4:
  version "1.2.4"
  resolved "https://registry.yarnpkg.com/mime/-/mime-1.2.4.tgz#11b5fdaf29c2509255176b80ad520294f5de92b7"
  integrity sha1-EbX9rynCUJJVF2uArVIClPXekrc=

"mime@>= 0.0.1":
  version "2.5.2"
  resolved "https://registry.yarnpkg.com/mime/-/mime-2.5.2.tgz#6e3dc6cc2b9510643830e5f19d5cb753da5eeabe"
  integrity sha512-tqkh47FzKeCPD2PUiPB6pkbMzsCasjxAfC62/Wap5qrUWcb+sFasXUC5I3gYM5iBM8v/Qpn4UK0x+j0iHyFPDg==

minimatch@^3.0.4:
  version "3.0.4"
  resolved "https://registry.yarnpkg.com/minimatch/-/minimatch-3.0.4.tgz#5166e286457f03306064be5497e8dbb0c3d32083"
  integrity sha512-yJHVQEhyqPLUTgt9B83PXu6W3rx4MvvHvSUvToogpwoGDOUQ+yDrR0HRot+yOCdCO7u4hX3pWft6kWBBcqh0UA==
  dependencies:
    brace-expansion "^1.1.7"

mkdirp@0.3.0:
  version "0.3.0"
  resolved "https://registry.yarnpkg.com/mkdirp/-/mkdirp-0.3.0.tgz#1bbf5ab1ba827af23575143490426455f481fe1e"
  integrity sha1-G79asbqCevI1dRQ0kEJkVfSB/h4=

oauth@0.9.x:
  version "0.9.15"
  resolved "https://registry.yarnpkg.com/oauth/-/oauth-0.9.15.tgz#bd1fefaf686c96b75475aed5196412ff60cfb9c1"
  integrity sha1-vR/vr2hslrdUda7VGWQS/2DPucE=

object-inspect@^1.9.0:
  version "1.11.0"
  resolved "https://registry.yarnpkg.com/object-inspect/-/object-inspect-1.11.0.tgz#9dceb146cedd4148a0d9e51ab88d34cf509922b1"
  integrity sha512-jp7ikS6Sd3GxQfZJPyH3cjcbJF6GZPClgdV+EFygjFLQ5FmW/dRUnTd9PQ9k0JhoNDabWFbpF1yCdSWCC6gexg==

openid@0.5.x:
  version "0.5.13"
  resolved "https://registry.yarnpkg.com/openid/-/openid-0.5.13.tgz#1b8eb6ca8c7aee6dd6264b69dafb9ad7852c2a4d"
  integrity sha1-G462yox67m3WJktp2vua14UsKk0=

passport-google-oauth1@1.x.x:
  version "1.0.0"
  resolved "https://registry.yarnpkg.com/passport-google-oauth1/-/passport-google-oauth1-1.0.0.tgz#af74a803df51ec646f66a44d82282be6f108e0cc"
  integrity sha1-r3SoA99R7GRvZqRNgigr5vEI4Mw=
  dependencies:
    passport-oauth1 "1.x.x"

passport-google-oauth20@2.x.x:
  version "2.0.0"
  resolved "https://registry.yarnpkg.com/passport-google-oauth20/-/passport-google-oauth20-2.0.0.tgz#0d241b2d21ebd3dc7f2b60669ec4d587e3a674ef"
  integrity sha512-KSk6IJ15RoxuGq7D1UKK/8qKhNfzbLeLrG3gkLZ7p4A6DBCcv7xpyQwuXtWdpyR0+E0mwkpjY1VfPOhxQrKzdQ==
  dependencies:
    passport-oauth2 "1.x.x"

passport-google-oauth@^2.0.0:
  version "2.0.0"
  resolved "https://registry.yarnpkg.com/passport-google-oauth/-/passport-google-oauth-2.0.0.tgz#f6eb4bc96dd6c16ec0ecfdf4e05ec48ca54d4dae"
  integrity sha512-JKxZpBx6wBQXX1/a1s7VmdBgwOugohH+IxCy84aPTZNq/iIPX6u7Mqov1zY7MKRz3niFPol0KJz8zPLBoHKtYA==
  dependencies:
    passport-google-oauth1 "1.x.x"
    passport-google-oauth20 "2.x.x"

"passport-google@>= 0.0.0":
  version "0.3.0"
  resolved "https://registry.yarnpkg.com/passport-google/-/passport-google-0.3.0.tgz#c5b4b4162658892b37165b795a01ffd4c7e19fb7"
  integrity sha1-xbS0FiZYiSs3Flt5WgH/1Mfhn7c=
  dependencies:
    passport-openid "0.3.x"
    pkginfo "0.2.x"

passport-oauth1@1.x.x:
  version "1.2.0"
  resolved "https://registry.yarnpkg.com/passport-oauth1/-/passport-oauth1-1.2.0.tgz#5229d431781bf5b265bec86ce9a9cce58a756cf9"
  integrity sha512-Sv2YWodC6jN12M/OXwmR4BIXeeIHjjbwYTQw4kS6tHK4zYzSEpxBgSJJnknBjICA5cj0ju3FSnG1XmHgIhYnLg==
  dependencies:
    oauth "0.9.x"
    passport-strategy "1.x.x"
    utils-merge "1.x.x"

passport-oauth2@1.x.x, passport-oauth2@^1.6.1:
  version "1.6.1"
  resolved "https://registry.yarnpkg.com/passport-oauth2/-/passport-oauth2-1.6.1.tgz#c5aee8f849ce8bd436c7f81d904a3cd1666f181b"
  integrity sha512-ZbV43Hq9d/SBSYQ22GOiglFsjsD1YY/qdiptA+8ej+9C1dL1TVB+mBE5kDH/D4AJo50+2i8f4bx0vg4/yDDZCQ==
  dependencies:
    base64url "3.x.x"
    oauth "0.9.x"
    passport-strategy "1.x.x"
    uid2 "0.0.x"
    utils-merge "1.x.x"

passport-openid@0.3.x:
  version "0.3.1"
  resolved "https://registry.yarnpkg.com/passport-openid/-/passport-openid-0.3.1.tgz#e64de04859fa51b6529480174122621e08fa22cb"
  integrity sha1-5k3gSFn6UbZSlIAXQSJiHgj6Iss=
  dependencies:
    openid "0.5.x"
    passport "~0.1.3"
    pkginfo "0.2.x"

passport-strategy@1.x.x:
  version "1.0.0"
  resolved "https://registry.yarnpkg.com/passport-strategy/-/passport-strategy-1.0.0.tgz#b5539aa8fc225a3d1ad179476ddf236b440f52e4"
  integrity sha1-tVOaqPwiWj0a0XlHbd8ja0QPUuQ=

passport@0.5.0:
  version "0.5.0"
  resolved "https://registry.yarnpkg.com/passport/-/passport-0.5.0.tgz#7914aaa55844f9dce8c3aa28f7d6b73647ee0169"
  integrity sha512-ln+ue5YaNDS+fes6O5PCzXKSseY5u8MYhX9H5Co4s+HfYI5oqvnHKoOORLYDUPh+8tHvrxugF2GFcUA1Q1Gqfg==
  dependencies:
    passport-strategy "1.x.x"
    pause "0.0.1"

passport@~0.1.3:
  version "0.1.18"
  resolved "https://registry.yarnpkg.com/passport/-/passport-0.1.18.tgz#c8264479dcb6414cadbb66752d12b37e0b6525a1"
  integrity sha1-yCZEedy2QUytu2Z1LRKzfgtlJaE=
  dependencies:
    pause "0.0.1"
    pkginfo "0.2.x"

pause@0.0.1:
  version "0.0.1"
  resolved "https://registry.yarnpkg.com/pause/-/pause-0.0.1.tgz#1d408b3fdb76923b9543d96fb4c9dfd535d9cb5d"
  integrity sha1-HUCLP9t2kjuVQ9lvtMnf1TXZy10=

pkginfo@0.2.x:
  version "0.2.3"
  resolved "https://registry.yarnpkg.com/pkginfo/-/pkginfo-0.2.3.tgz#7239c42a5ef6c30b8f328439d9b9ff71042490f8"
  integrity sha1-cjnEKl72wwuPMoQ52bn/cQQkkPg=

qs@0.4.x:
  version "0.4.2"
  resolved "https://registry.yarnpkg.com/qs/-/qs-0.4.2.tgz#3cac4c861e371a8c9c4770ac23cda8de639b8e5f"
  integrity sha1-PKxMhh43GoycR3CsI82o3mObjl8=

"qs@>= 0.4.0":
  version "6.10.1"
  resolved "https://registry.yarnpkg.com/qs/-/qs-6.10.1.tgz#4931482fa8d647a5aab799c5271d2133b981fb6a"
  integrity sha512-M528Hph6wsSVOBiYUnGf+K/7w0hNshs/duGsNXPUCLH5XAqjEtiPGwNONLV0tBH8NoGb0mvD5JubnUTrujKDTg==
  dependencies:
    side-channel "^1.0.4"

side-channel@^1.0.4:
  version "1.0.4"
  resolved "https://registry.yarnpkg.com/side-channel/-/side-channel-1.0.4.tgz#efce5c8fdc104ee751b25c58d4290011fa5ea2cf"
  integrity sha512-q5XPytqFEIKHkGdiMIrY10mvLRvnQh42/+GoBlFW3b2LXLE2xxJpZFdm94we0BaoV3RwJyGqg5wS7epxTv0Zvw==
  dependencies:
    call-bind "^1.0.0"
    get-intrinsic "^1.0.2"
    object-inspect "^1.9.0"

supports-color@^5.3.0:
  version "5.5.0"
  resolved "https://registry.yarnpkg.com/supports-color/-/supports-color-5.5.0.tgz#e2e69a44ac8772f78a1ec0b35b689df6530efc8f"
  integrity sha512-QjVjwdXIt408MIiAqCX4oUKsgU2EqAGzs2Ppkm4aQYbjm+ZEWEcW4SfFNTr4uMNZma0ey4f5lgLrkB0aX0QMow==
  dependencies:
    has-flag "^3.0.0"

uid2@0.0.x:
  version "0.0.4"
  resolved "https://registry.yarnpkg.com/uid2/-/uid2-0.0.4.tgz#033f3b1d5d32505f5ce5f888b9f3b667123c0a44"
  integrity sha512-IevTus0SbGwQzYh3+fRsAMTVVPOoIVufzacXcHPmdlle1jUpq7BRL+mw3dgeLanvGZdwwbWhRV6XrcFNdBmjWA==

utils-merge@1.x.x:
  version "1.0.1"
  resolved "https://registry.yarnpkg.com/utils-merge/-/utils-merge-1.0.1.tgz#9f95710f50a267947b2ccc124741c1028427e713"
  integrity sha1-n5VxD1CiZ5R7LMwSR0HBAoQn5xM=
